
Microsoft Visual Studio Solution File, Format Version 12.00
# Visual Studio Version 16
VisualStudioVersion = 16.0.31911.196
MinimumVisualStudioVersion = 10.0.40219.1
Project("{9A19103F-16F7-4668-BE54-9A1E7A4F7556}") = "DemoUsingApiWithDatabase", "DemoUsingApiWithDatabase\DemoUsingApiWithDatabase.csproj", "{683E9932-2574-4B3E-BF6C-EF955353850E}"
EndProject
Project("{FAE04EC0-301F-11D3-BF4B-00C04F79EFBC}") = "DemoUsingApiWithDatabase.TestProject", "DemoUsingApiWithDatabase.TestProject\DemoUsingApiWithDatabase.TestProject.csproj", "{6D4219C4-D15C-4B2D-902C-428624F18EDE}"
EndProject
Global
	GlobalSection(SolutionConfigurationPlatforms) = preSolution
		Debug|Any CPU = Debug|Any CPU
		Release|Any CPU = Release|Any CPU
	EndGlobalSection
	GlobalSection(ProjectConfigurationPlatforms) = postSolution
		{683E9932-2574-4B3E-BF6C-EF955353850E}.Debug|Any CPU.ActiveCfg = Debug|Any CPU
		{683E9932-2574-4B3E-BF6C-EF955353850E}.Debug|Any CPU.Build.0 = Debug|Any CPU
		{683E9932-2574-4B3E-BF6C-EF955353850E}.Release|Any CPU.ActiveCfg = Release|Any CPU
		{683E9932-2574-4B3E-BF6C-EF955353850E}.Release|Any CPU.Build.0 = Release|Any CPU
		{6D4219C4-D15C-4B2D-902C-428624F18EDE}.Debug|Any CPU.ActiveCfg = Debug|Any CPU
		{6D4219C4-D15C-4B2D-902C-428624F18EDE}.Debug|Any CPU.Build.0 = Debug|Any CPU
		{6D4219C4-D15C-4B2D-902C-428624F18EDE}.Release|Any CPU.ActiveCfg = Release|Any CPU
		{6D4219C4-D15C-4B2D-902C-428624F18EDE}.Release|Any CPU.Build.0 = Release|Any CPU
	EndGlobalSection
	GlobalSection(SolutionProperties) = preSolution
		HideSolutionNode = FALSE
	EndGlobalSection
	GlobalSection(ExtensibilityGlobals) = postSolution
		SolutionGuid = {62ED0F89-A555-4E41-9B16-10D453DF1361}
	EndGlobalSection
EndGlobal
